// !$*UTF8*$!
{
	archiveVersion = 1;
	classes = {
	};
	objectVersion = 56;
	objects = {

/* Begin PBXBuildFile section */
		1DD0D29C2B6545710008DE7F /* TODOandNEWS2App.swift in Sources */ = {isa = PBXBuildFile; fileRef = 1DD0D29B2B6545710008DE7F /* TODOandNEWS2App.swift */; };
		1DD0D29E2B6545710008DE7F /* ContentView.swift in Sources */ = {isa = PBXBuildFile; fileRef = 1DD0D29D2B6545710008DE7F /* ContentView.swift */; };
		1DD0D2A02B6545730008DE7F /* Assets.xcassets in Resources */ = {isa = PBXBuildFile; fileRef = 1DD0D29F2B6545730008DE7F /* Assets.xcassets */; };
		1DD0D2A32B6545730008DE7F /* Preview Assets.xcassets in Resources */ = {isa = PBXBuildFile; fileRef = 1DD0D2A22B6545730008DE7F /* Preview Assets.xcassets */; };
		1DD0D2AD2B6545730008DE7F /* TODOandNEWS2Tests.swift in Sources */ = {isa = PBXBuildFile; fileRef = 1DD0D2AC2B6545730008DE7F /* TODOandNEWS2Tests.swift */; };
		1DD0D2B72B6545730008DE7F /* TODOandNEWS2UITests.swift in Sources */ = {isa = PBXBuildFile; fileRef = 1DD0D2B62B6545730008DE7F /* TODOandNEWS2UITests.swift */; };
		1DD0D2B92B6545730008DE7F /* TODOandNEWS2UITestsLaunchTests.swift in Sources */ = {isa = PBXBuildFile; fileRef = 1DD0D2B82B6545730008DE7F /* TODOandNEWS2UITestsLaunchTests.swift */; };
		1DD0D2C62B6546100008DE7F /* ToDoItem.swift in Sources */ = {isa = PBXBuildFile; fileRef = 1DD0D2C52B6546100008DE7F /* ToDoItem.swift */; };
		1DD0D2C82B65462A0008DE7F /* ToDoView.swift in Sources */ = {isa = PBXBuildFile; fileRef = 1DD0D2C72B65462A0008DE7F /* ToDoView.swift */; };
		1DD0D2CA2B655B040008DE7F /* NewsItem.swift in Sources */ = {isa = PBXBuildFile; fileRef = 1DD0D2C92B655B040008DE7F /* NewsItem.swift */; };
		1DD0D2CC2B655B440008DE7F /* NewsView.swift in Sources */ = {isa = PBXBuildFile; fileRef = 1DD0D2CB2B655B440008DE7F /* NewsView.swift */; };
		1DD0D2CE2B655B800008DE7F /* GetNews.swift in Sources */ = {isa = PBXBuildFile; fileRef = 1DD0D2CD2B655B800008DE7F /* GetNews.swift */; };
/* End PBXBuildFile section */

/* Begin PBXContainerItemProxy section */
		1DD0D2A92B6545730008DE7F /* PBXContainerItemProxy */ = {
			isa = PBXContainerItemProxy;
			containerPortal = 1DD0D2902B6545710008DE7F /* Project object */;
			proxyType = 1;
			remoteGlobalIDString = 1DD0D2972B6545710008DE7F;
			remoteInfo = TODOandNEWS2;
		};
		1DD0D2B32B6545730008DE7F /* PBXContainerItemProxy */ = {
			isa = PBXContainerItemProxy;
			containerPortal = 1DD0D2902B6545710008DE7F /* Project object */;
			proxyType = 1;
			remoteGlobalIDString = 1DD0D2972B6545710008DE7F;
			remoteInfo = TODOandNEWS2;
		};
/* End PBXContainerItemProxy section */

/* Begin PBXFileReference section */
		1DD0D2982B6545710008DE7F /* TODOandNEWS2.app */ = {isa = PBXFileReference; explicitFileType = wrapper.application; includeInIndex = 0; path = TODOandNEWS2.app; sourceTree = BUILT_PRODUCTS_DIR; };
		1DD0D29B2B6545710008DE7F /* TODOandNEWS2App.swift */ = {isa = PBXFileReference; lastKnownFileType = sourcecode.swift; path = TODOandNEWS2App.swift; sourceTree = "<group>"; };
		1DD0D29D2B6545710008DE7F /* ContentView.swift */ = {isa = PBXFileReference; lastKnownFileType = sourcecode.swift; path = ContentView.swift; sourceTree = "<group>"; };
		1DD0D29F2B6545730008DE7F /* Assets.xcassets */ = {isa = PBXFileReference; lastKnownFileType = folder.assetcatalog; path = Assets.xcassets; sourceTree = "<group>"; };
		1DD0D2A22B6545730008DE7F /* Preview Assets.xcassets */ = {isa = PBXFileReference; lastKnownFileType = folder.assetcatalog; path = "Preview Assets.xcassets"; sourceTree = "<group>"; };
		1DD0D2A82B6545730008DE7F /* TODOandNEWS2Tests.xctest */ = {isa = PBXFileReference; explicitFileType = wrapper.cfbundle; includeInIndex = 0; path = TODOandNEWS2Tests.xctest; sourceTree = BUILT_PRODUCTS_DIR; };
		1DD0D2AC2B6545730008DE7F /* TODOandNEWS2Tests.swift */ = {isa = PBXFileReference; lastKnownFileType = sourcecode.swift; path = TODOandNEWS2Tests.swift; sourceTree = "<group>"; };
		1DD0D2B22B6545730008DE7F /* TODOandNEWS2UITests.xctest */ = {isa = PBXFileReference; explicitFileType = wrapper.cfbundle; includeInIndex = 0; path = TODOandNEWS2UITests.xctest; sourceTree = BUILT_PRODUCTS_DIR; };
		1DD0D2B62B6545730008DE7F /* TODOandNEWS2UITests.swift */ = {isa = PBXFileReference; lastKnownFileType = sourcecode.swift; path = TODOandNEWS2UITests.swift; sourceTree = "<group>"; };
		1DD0D2B82B6545730008DE7F /* TODOandNEWS2UITestsLaunchTests.swift */ = {isa = PBXFileReference; lastKnownFileType = sourcecode.swift; path = TODOandNEWS2UITestsLaunchTests.swift; sourceTree = "<group>"; };
		1DD0D2C52B6546100008DE7F /* ToDoItem.swift */ = {isa = PBXFileReference; lastKnownFileType = sourcecode.swift; path = ToDoItem.swift; sourceTree = "<group>"; };
		1DD0D2C72B65462A0008DE7F /* ToDoView.swift */ = {isa = PBXFileReference; lastKnownFileType = sourcecode.swift; path = ToDoView.swift; sourceTree = "<group>"; };
		1DD0D2C92B655B040008DE7F /* NewsItem.swift */ = {isa = PBXFileReference; lastKnownFileType = sourcecode.swift; path = NewsItem.swift; sourceTree = "<group>"; };
		1DD0D2CB2B655B440008DE7F /* NewsView.swift */ = {isa = PBXFileReference; lastKnownFileType = sourcecode.swift; path = NewsView.swift; sourceTree = "<group>"; };
		1DD0D2CD2B655B800008DE7F /* GetNews.swift */ = {isa = PBXFileReference; lastKnownFileType = sourcecode.swift; path = GetNews.swift; sourceTree = "<group>"; };
/* End PBXFileReference section */

/* Begin PBXFrameworksBuildPhase section */
		1DD0D2952B6545710008DE7F /* Frameworks */ = {
			isa = PBXFrameworksBuildPhase;
			buildActionMask = 2147483647;
			files = (
			);
			runOnlyForDeploymentPostprocessing = 0;
		};
		1DD0D2A52B6545730008DE7F /* Frameworks */ = {
			isa = PBXFrameworksBuildPhase;
			buildActionMask = 2147483647;
			files = (
			);
			runOnlyForDeploymentPostprocessing = 0;
		};
		1DD0D2AF2B6545730008DE7F /* Frameworks */ = {
			isa = PBXFrameworksBuildPhase;
			buildActionMask = 2147483647;
			files = (
			);
			runOnlyForDeploymentPostprocessing = 0;
		};
/* End PBXFrameworksBuildPhase section */

/* Begin PBXGroup section */
		1DD0D28F2B6545710008DE7F = {
			isa = PBXGroup;
			children = (
				1DD0D29A2B6545710008DE7F /* TODOandNEWS2 */,
				1DD0D2AB2B6545730008DE7F /* TODOandNEWS2Tests */,
				1DD0D2B52B6545730008DE7F /* TODOandNEWS2UITests */,
				1DD0D2992B6545710008DE7F /* Products */,
			);
			sourceTree = "<group>";
		};
		1DD0D2992B6545710008DE7F /* Products */ = {
			isa = PBXGroup;
			children = (
				1DD0D2982B6545710008DE7F /* TODOandNEWS2.app */,
				1DD0D2A82B6545730008DE7F /* TODOandNEWS2Tests.xctest */,
				1DD0D2B22B6545730008DE7F /* TODOandNEWS2UITests.xctest */,
			);
			name = Products;
			sourceTree = "<group>";
		};
		1DD0D29A2B6545710008DE7F /* TODOandNEWS2 */ = {
			isa = PBXGroup;
			children = (
				1DD0D29B2B6545710008DE7F /* TODOandNEWS2App.swift */,
				1DD0D29D2B6545710008DE7F /* ContentView.swift */,
				1DD0D2C72B65462A0008DE7F /* ToDoView.swift */,
				1DD0D2CB2B655B440008DE7F /* NewsView.swift */,
				1DD0D2C52B6546100008DE7F /* ToDoItem.swift */,
				1DD0D2C92B655B040008DE7F /* NewsItem.swift */,
				1DD0D2CD2B655B800008DE7F /* GetNews.swift */,
				1DD0D29F2B6545730008DE7F /* Assets.xcassets */,
				1DD0D2A12B6545730008DE7F /* Preview Content */,
			);
			path = TODOandNEWS2;
			sourceTree = "<group>";
		};
		1DD0D2A12B6545730008DE7F /* Preview Content */ = {
			isa = PBXGroup;
			children = (
				1DD0D2A22B6545730008DE7F /* Preview Assets.xcassets */,
			);
			path = "Preview Content";
			sourceTree = "<group>";
		};
		1DD0D2AB2B6545730008DE7F /* TODOandNEWS2Tests */ = {
			isa = PBXGroup;
			children = (
				1DD0D2AC2B6545730008DE7F /* TODOandNEWS2Tests.swift */,
			);
			path = TODOandNEWS2Tests;
			sourceTree = "<group>";
		};
		1DD0D2B52B6545730008DE7F /* TODOandNEWS2UITests */ = {
			isa = PBXGroup;
			children = (
				1DD0D2B62B6545730008DE7F /* TODOandNEWS2UITests.swift */,
				1DD0D2B82B6545730008DE7F /* TODOandNEWS2UITestsLaunchTests.swift */,
			);
			path = TODOandNEWS2UITests;
			sourceTree = "<group>";
		};
/* End PBXGroup section */

/* Begin PBXNativeTarget section */
		1DD0D2972B6545710008DE7F /* TODOandNEWS2 */ = {
			isa = PBXNativeTarget;
			buildConfigurationList = 1DD0D2BC2B6545730008DE7F /* Build configuration list for PBXNativeTarget "TODOandNEWS2" */;
			buildPhases = (
				1DD0D2942B6545710008DE7F /* Sources */,
				1DD0D2952B6545710008DE7F /* Frameworks */,
				1DD0D2962B6545710008DE7F /* Resources */,
			);
			buildRules = (
			);
			dependencies = (
			);
			name = TODOandNEWS2;
			productName = TODOandNEWS2;
			productReference = 1DD0D2982B6545710008DE7F /* TODOandNEWS2.app */;
			productType = "com.apple.product-type.application";
		};
		1DD0D2A72B6545730008DE7F /* TODOandNEWS2Tests */ = {
			isa = PBXNativeTarget;
			buildConfigurationList = 1DD0D2BF2B6545730008DE7F /* Build configuration list for PBXNativeTarget "TODOandNEWS2Tests" */;
			buildPhases = (
				1DD0D2A42B6545730008DE7F /* Sources */,
				1DD0D2A52B6545730008DE7F /* Frameworks */,
				1DD0D2A62B6545730008DE7F /* Resources */,
			);
			buildRules = (
			);
			dependencies = (
				1DD0D2AA2B6545730008DE7F /* PBXTargetDependency */,
			);
			name = TODOandNEWS2Tests;
			productName = TODOandNEWS2Tests;
			productReference = 1DD0D2A82B6545730008DE7F /* TODOandNEWS2Tests.xctest */;
			productType = "com.apple.product-type.bundle.unit-test";
		};
		1DD0D2B12B6545730008DE7F /* TODOandNEWS2UITests */ = {
			isa = PBXNativeTarget;
			buildConfigurationList = 1DD0D2C22B6545730008DE7F /* Build configuration list for PBXNativeTarget "TODOandNEWS2UITests" */;
			buildPhases = (
				1DD0D2AE2B6545730008DE7F /* Sources */,
				1DD0D2AF2B6545730008DE7F /* Frameworks */,
				1DD0D2B02B6545730008DE7F /* Resources */,
			);
			buildRules = (
			);
			dependencies = (
				1DD0D2B42B6545730008DE7F /* PBXTargetDependency */,
			);
			name = TODOandNEWS2UITests;
			productName = TODOandNEWS2UITests;
			productReference = 1DD0D2B22B6545730008DE7F /* TODOandNEWS2UITests.xctest */;
			productType = "com.apple.product-type.bundle.ui-testing";
		};
/* End PBXNativeTarget section */

/* Begin PBXProject section */
		1DD0D2902B6545710008DE7F /* Project object */ = {
			isa = PBXProject;
			attributes = {
				BuildIndependentTargetsInParallel = 1;
				LastSwiftUpdateCheck = 1520;
				LastUpgradeCheck = 1520;
				TargetAttributes = {
					1DD0D2972B6545710008DE7F = {
						CreatedOnToolsVersion = 15.2;
					};
					1DD0D2A72B6545730008DE7F = {
						CreatedOnToolsVersion = 15.2;
						TestTargetID = 1DD0D2972B6545710008DE7F;
					};
					1DD0D2B12B6545730008DE7F = {
						CreatedOnToolsVersion = 15.2;
						TestTargetID = 1DD0D2972B6545710008DE7F;
					};
				};
			};
			buildConfigurationList = 1DD0D2932B6545710008DE7F /* Build configuration list for PBXProject "TODOandNEWS2" */;
			compatibilityVersion = "Xcode 14.0";
			developmentRegion = en;
			hasScannedForEncodings = 0;
			knownRegions = (
				en,
				Base,
			);
			mainGroup = 1DD0D28F2B6545710008DE7F;
			productRefGroup = 1DD0D2992B6545710008DE7F /* Products */;
			projectDirPath = "";
			projectRoot = "";
			targets = (
				1DD0D2972B6545710008DE7F /* TODOandNEWS2 */,
				1DD0D2A72B6545730008DE7F /* TODOandNEWS2Tests */,
				1DD0D2B12B6545730008DE7F /* TODOandNEWS2UITests */,
			);
		};
/* End PBXProject section */

/* Begin PBXResourcesBuildPhase section */
		1DD0D2962B6545710008DE7F /* Resources */ = {
			isa = PBXResourcesBuildPhase;
			buildActionMask = 2147483647;
			files = (
				1DD0D2A32B6545730008DE7F /* Preview Assets.xcassets in Resources */,
				1DD0D2A02B6545730008DE7F /* Assets.xcassets in Resources */,
			);
			runOnlyForDeploymentPostprocessing = 0;
		};
		1DD0D2A62B6545730008DE7F /* Resources */ = {
			isa = PBXResourcesBuildPhase;
			buildActionMask = 2147483647;
			files = (
			);
			runOnlyForDeploymentPostprocessing = 0;
		};
		1DD0D2B02B6545730008DE7F /* Resources */ = {
			isa = PBXResourcesBuildPhase;
			buildActionMask = 2147483647;
			files = (
			);
			runOnlyForDeploymentPostprocessing = 0;
		};
/* End PBXResourcesBuildPhase section */

/* Begin PBXSourcesBuildPhase section */
		1DD0D2942B6545710008DE7F /* Sources */ = {
			isa = PBXSourcesBuildPhase;
			buildActionMask = 2147483647;
			files = (
				1DD0D29E2B6545710008DE7F /* ContentView.swift in Sources */,
				1DD0D2CA2B655B040008DE7F /* NewsItem.swift in Sources */,
				1DD0D29C2B6545710008DE7F /* TODOandNEWS2App.swift in Sources */,
				1DD0D2CE2B655B800008DE7F /* GetNews.swift in Sources */,
				1DD0D2CC2B655B440008DE7F /* NewsView.swift in Sources */,
				1DD0D2C82B65462A0008DE7F /* ToDoView.swift in Sources */,
				1DD0D2C62B6546100008DE7F /* ToDoItem.swift in Sources */,
			);
			runOnlyForDeploymentPostprocessing = 0;
		};
		1DD0D2A42B6545730008DE7F /* Sources */ = {
			isa = PBXSourcesBuildPhase;
			buildActionMask = 2147483647;
			files = (
				1DD0D2AD2B6545730008DE7F /* TODOandNEWS2Tests.swift in Sources */,
			);
			runOnlyForDeploymentPostprocessing = 0;
		};
		1DD0D2AE2B6545730008DE7F /* Sources */ = {
			isa = PBXSourcesBuildPhase;
			buildActionMask = 2147483647;
			files = (
				1DD0D2B92B6545730008DE7F /* TODOandNEWS2UITestsLaunchTests.swift in Sources */,
				1DD0D2B72B6545730008DE7F /* TODOandNEWS2UITests.swift in Sources */,
			);
			runOnlyForDeploymentPostprocessing = 0;
		};
/* End PBXSourcesBuildPhase section */

/* Begin PBXTargetDependency section */
		1DD0D2AA2B6545730008DE7F /* PBXTargetDependency */ = {
			isa = PBXTargetDependency;
			target = 1DD0D2972B6545710008DE7F /* TODOandNEWS2 */;
			targetProxy = 1DD0D2A92B6545730008DE7F /* PBXContainerItemProxy */;
		};
		1DD0D2B42B6545730008DE7F /* PBXTargetDependency */ = {
			isa = PBXTargetDependency;
			target = 1DD0D2972B6545710008DE7F /* TODOandNEWS2 */;
			targetProxy = 1DD0D2B32B6545730008DE7F /* PBXContainerItemProxy */;
		};
/* End PBXTargetDependency section */

/* Begin XCBuildConfiguration section */
		1DD0D2BA2B6545730008DE7F /* Debug */ = {
			isa = XCBuildConfiguration;
			buildSettings = {
				ALWAYS_SEARCH_USER_PATHS = NO;
				ASSETCATALOG_COMPILER_GENERATE_SWIFT_ASSET_SYMBOL_EXTENSIONS = YES;
				CLANG_ANALYZER_NONNULL = YES;
				CLANG_ANALYZER_NUMBER_OBJECT_CONVERSION = YES_AGGRESSIVE;
				CLANG_CXX_LANGUAGE_STANDARD = "gnu++20";
				CLANG_ENABLE_MODULES = YES;
				CLANG_ENABLE_OBJC_ARC = YES;
				CLANG_ENABLE_OBJC_WEAK = YES;
				CLANG_WARN_BLOCK_CAPTURE_AUTORELEASING = YES;
				CLANG_WARN_BOOL_CONVERSION = YES;
				CLANG_WARN_COMMA = YES;
				CLANG_WARN_CONSTANT_CONVERSION = YES;
				CLANG_WARN_DEPRECATED_OBJC_IMPLEMENTATIONS = YES;
				CLANG_WARN_DIRECT_OBJC_ISA_USAGE = YES_ERROR;
				CLANG_WARN_DOCUMENTATION_COMMENTS = YES;
				CLANG_WARN_EMPTY_BODY = YES;
				CLANG_WARN_ENUM_CONVERSION = YES;
				CLANG_WARN_INFINITE_RECURSION = YES;
				CLANG_WARN_INT_CONVERSION = YES;
				CLANG_WARN_NON_LITERAL_NULL_CONVERSION = YES;
				CLANG_WARN_OBJC_IMPLICIT_RETAIN_SELF = YES;
				CLANG_WARN_OBJC_LITERAL_CONVERSION = YES;
				CLANG_WARN_OBJC_ROOT_CLASS = YES_ERROR;
				CLANG_WARN_QUOTED_INCLUDE_IN_FRAMEWORK_HEADER = YES;
				CLANG_WARN_RANGE_LOOP_ANALYSIS = YES;
				CLANG_WARN_STRICT_PROTOTYPES = YES;
				CLANG_WARN_SUSPICIOUS_MOVE = YES;
				CLANG_WARN_UNGUARDED_AVAILABILITY = YES_AGGRESSIVE;
				CLANG_WARN_UNREACHABLE_CODE = YES;
				CLANG_WARN__DUPLICATE_METHOD_MATCH = YES;
				COPY_PHASE_STRIP = NO;
				DEBUG_INFORMATION_FORMAT = dwarf;
				ENABLE_STRICT_OBJC_MSGSEND = YES;
				ENABLE_TESTABILITY = YES;
				ENABLE_USER_SCRIPT_SANDBOXING = YES;
				GCC_C_LANGUAGE_STANDARD = gnu17;
				GCC_DYNAMIC_NO_PIC = NO;
				GCC_NO_COMMON_BLOCKS = YES;
				GCC_OPTIMIZATION_LEVEL = 0;
				GCC_PREPROCESSOR_DEFINITIONS = (
					"DEBUG=1",
					"$(inherited)",
				);
				GCC_WARN_64_TO_32_BIT_CONVERSION = YES;
				GCC_WARN_ABOUT_RETURN_TYPE = YES_ERROR;
				GCC_WARN_UNDECLARED_SELECTOR = YES;
				GCC_WARN_UNINITIALIZED_AUTOS = YES_AGGRESSIVE;
				GCC_WARN_UNUSED_FUNCTION = YES;
				GCC_WARN_UNUSED_VARIABLE = YES;
				IPHONEOS_DEPLOYMENT_TARGET = 17.2;
				LOCALIZATION_PREFERS_STRING_CATALOGS = YES;
				MTL_ENABLE_DEBUG_INFO = INCLUDE_SOURCE;
				MTL_FAST_MATH = YES;
				ONLY_ACTIVE_ARCH = YES;
				SDKROOT = iphoneos;
				SWIFT_ACTIVE_COMPILATION_CONDITIONS = "DEBUG $(inherited)";
				SWIFT_OPTIMIZATION_LEVEL = "-Onone";
			};
			name = Debug;
		};
		1DD0D2BB2B6545730008DE7F /* Release */ = {
			isa = XCBuildConfiguration;
			buildSettings = {
				ALWAYS_SEARCH_USER_PATHS = NO;
				ASSETCATALOG_COMPILER_GENERATE_SWIFT_ASSET_SYMBOL_EXTENSIONS = YES;
				CLANG_ANALYZER_NONNULL = YES;
				CLANG_ANALYZER_NUMBER_OBJECT_CONVERSION = YES_AGGRESSIVE;
				CLANG_CXX_LANGUAGE_STANDARD = "gnu++20";
				CLANG_ENABLE_MODULES = YES;
				CLANG_ENABLE_OBJC_ARC = YES;
				CLANG_ENABLE_OBJC_WEAK = YES;
				CLANG_WARN_BLOCK_CAPTURE_AUTORELEASING = YES;
				CLANG_WARN_BOOL_CONVERSION = YES;
				CLANG_WARN_COMMA = YES;
				CLANG_WARN_CONSTANT_CONVERSION = YES;
				CLANG_WARN_DEPRECATED_OBJC_IMPLEMENTATIONS = YES;
				CLANG_WARN_DIRECT_OBJC_ISA_USAGE = YES_ERROR;
				CLANG_WARN_DOCUMENTATION_COMMENTS = YES;
				CLANG_WARN_EMPTY_BODY = YES;
				CLANG_WARN_ENUM_CONVERSION = YES;
				CLANG_WARN_INFINITE_RECURSION = YES;
				CLANG_WARN_INT_CONVERSION = YES;
				CLANG_WARN_NON_LITERAL_NULL_CONVERSION = YES;
				CLANG_WARN_OBJC_IMPLICIT_RETAIN_SELF = YES;
				CLANG_WARN_OBJC_LITERAL_CONVERSION = YES;
				CLANG_WARN_OBJC_ROOT_CLASS = YES_ERROR;
				CLANG_WARN_QUOTED_INCLUDE_IN_FRAMEWORK_HEADER = YES;
				CLANG_WARN_RANGE_LOOP_ANALYSIS = YES;
				CLANG_WARN_STRICT_PROTOTYPES = YES;
				CLANG_WARN_SUSPICIOUS_MOVE = YES;
				CLANG_WARN_UNGUARDED_AVAILABILITY = YES_AGGRESSIVE;
				CLANG_WARN_UNREACHABLE_CODE = YES;
				CLANG_WARN__DUPLICATE_METHOD_MATCH = YES;
				COPY_PHASE_STRIP = NO;
				DEBUG_INFORMATION_FORMAT = "dwarf-with-dsym";
				ENABLE_NS_ASSERTIONS = NO;
				ENABLE_STRICT_OBJC_MSGSEND = YES;
				ENABLE_USER_SCRIPT_SANDBOXING = YES;
				GCC_C_LANGUAGE_STANDARD = gnu17;
				GCC_NO_COMMON_BLOCKS = YES;
				GCC_WARN_64_TO_32_BIT_CONVERSION = YES;
				GCC_WARN_ABOUT_RETURN_TYPE = YES_ERROR;
				GCC_WARN_UNDECLARED_SELECTOR = YES;
				GCC_WARN_UNINITIALIZED_AUTOS = YES_AGGRESSIVE;
				GCC_WARN_UNUSED_FUNCTION = YES;
				GCC_WARN_UNUSED_VARIABLE = YES;
				IPHONEOS_DEPLOYMENT_TARGET = 17.2;
				LOCALIZATION_PREFERS_STRING_CATALOGS = YES;
				MTL_ENABLE_DEBUG_INFO = NO;
				MTL_FAST_MATH = YES;
				SDKROOT = iphoneos;
				SWIFT_COMPILATION_MODE = wholemodule;
				VALIDATE_PRODUCT = YES;
			};
			name = Release;
		};
		1DD0D2BD2B6545730008DE7F /* Debug */ = {
			isa = XCBuildConfiguration;
			buildSettings = {
				ASSETCATALOG_COMPILER_APPICON_NAME = AppIcon;
				ASSETCATALOG_COMPILER_GLOBAL_ACCENT_COLOR_NAME = AccentColor;
				CODE_SIGN_STYLE = Automatic;
				CURRENT_PROJECT_VERSION = 1;
				DEVELOPMENT_ASSET_PATHS = "\"TODOandNEWS2/Preview Content\"";
				ENABLE_PREVIEWS = YES;
				GENERATE_INFOPLIST_FILE = YES;
				INFOPLIST_KEY_UIApplicationSceneManifest_Generation = YES;
				INFOPLIST_KEY_UIApplicationSupportsIndirectInputEvents = YES;
				INFOPLIST_KEY_UILaunchScreen_Generation = YES;
				INFOPLIST_KEY_UISupportedInterfaceOrientations_iPad = "UIInterfaceOrientationPortrait UIInterfaceOrientationPortraitUpsideDown UIInterfaceOrientationLandscapeLeft UIInterfaceOrientationLandscapeRight";
				INFOPLIST_KEY_UISupportedInterfaceOrientations_iPhone = "UIInterfaceOrientationPortrait UIInterfaceOrientationLandscapeLeft UIInterfaceOrientationLandscapeRight";
				LD_RUNPATH_SEARCH_PATHS = (
					"$(inherited)",
					"@executable_path/Frameworks",
				);
				MARKETING_VERSION = 1.0;
				PRODUCT_BUNDLE_IDENTIFIER = com.kakutagawa.TODOandNEWS2;
				PRODUCT_NAME = "$(TARGET_NAME)";
				SWIFT_EMIT_LOC_STRINGS = YES;
				SWIFT_VERSION = 5.0;
				TARGETED_DEVICE_FAMILY = "1,2";
			};
			name = Debug;
		};
		1DD0D2BE2B6545730008DE7F /* Release */ = {
			isa = XCBuildConfiguration;
			buildSettings = {
				ASSETCATALOG_COMPILER_APPICON_NAME = AppIcon;
				ASSETCATALOG_COMPILER_GLOBAL_ACCENT_COLOR_NAME = AccentColor;
				CODE_SIGN_STYLE = Automatic;
				CURRENT_PROJECT_VERSION = 1;
				DEVELOPMENT_ASSET_PATHS = "\"TODOandNEWS2/Preview Content\"";
				ENABLE_PREVIEWS = YES;
				GENERATE_INFOPLIST_FILE = YES;
				INFOPLIST_KEY_UIApplicationSceneManifest_Generation = YES;
				INFOPLIST_KEY_UIApplicationSupportsIndirectInputEvents = YES;
				INFOPLIST_KEY_UILaunchScreen_Generation = YES;
				INFOPLIST_KEY_UISupportedInterfaceOrientations_iPad = "UIInterfaceOrientationPortrait UIInterfaceOrientationPortraitUpsideDown UIInterfaceOrientationLandscapeLeft UIInterfaceOrientationLandscapeRight";
				INFOPLIST_KEY_UISupportedInterfaceOrientations_iPhone = "UIInterfaceOrientationPortrait UIInterfaceOrientationLandscapeLeft UIInterfaceOrientationLandscapeRight";
				LD_RUNPATH_SEARCH_PATHS = (
					"$(inherited)",
					"@executable_path/Frameworks",
				);
				MARKETING_VERSION = 1.0;
				PRODUCT_BUNDLE_IDENTIFIER = com.kakutagawa.TODOandNEWS2;
				PRODUCT_NAME = "$(TARGET_NAME)";
				SWIFT_EMIT_LOC_STRINGS = YES;
				SWIFT_VERSION = 5.0;
				TARGETED_DEVICE_FAMILY = "1,2";
			};
			name = Release;
		};
		1DD0D2C02B6545730008DE7F /* Debug */ = {
			isa = XCBuildConfiguration;
			buildSettings = {
				ALWAYS_EMBED_SWIFT_STANDARD_LIBRARIES = YES;
				BUNDLE_LOADER = "$(TEST_HOST)";
				CODE_SIGN_STYLE = Automatic;
				CURRENT_PROJECT_VERSION = 1;
				GENERATE_INFOPLIST_FILE = YES;
				IPHONEOS_DEPLOYMENT_TARGET = 17.2;
				MARKETING_VERSION = 1.0;
				PRODUCT_BUNDLE_IDENTIFIER = com.kakutagawa.TODOandNEWS2Tests;
				PRODUCT_NAME = "$(TARGET_NAME)";
				SWIFT_EMIT_LOC_STRINGS = NO;
				SWIFT_VERSION = 5.0;
				TARGETED_DEVICE_FAMILY = "1,2";
				TEST_HOST = "$(BUILT_PRODUCTS_DIR)/TODOandNEWS2.app/$(BUNDLE_EXECUTABLE_FOLDER_PATH)/TODOandNEWS2";
			};
			name = Debug;
		};
		1DD0D2C12B6545730008DE7F /* Release */ = {
			isa = XCBuildConfiguration;
			buildSettings = {
				ALWAYS_EMBED_SWIFT_STANDARD_LIBRARIES = YES;
				BUNDLE_LOADER = "$(TEST_HOST)";
				CODE_SIGN_STYLE = Automatic;
				CURRENT_PROJECT_VERSION = 1;
				GENERATE_INFOPLIST_FILE = YES;
				IPHONEOS_DEPLOYMENT_TARGET = 17.2;
				MARKETING_VERSION = 1.0;
				PRODUCT_BUNDLE_IDENTIFIER = com.kakutagawa.TODOandNEWS2Tests;
				PRODUCT_NAME = "$(TARGET_NAME)";
				SWIFT_EMIT_LOC_STRINGS = NO;
				SWIFT_VERSION = 5.0;
				TARGETED_DEVICE_FAMILY = "1,2";
				TEST_HOST = "$(BUILT_PRODUCTS_DIR)/TODOandNEWS2.app/$(BUNDLE_EXECUTABLE_FOLDER_PATH)/TODOandNEWS2";
			};
			name = Release;
		};
		1DD0D2C32B6545730008DE7F /* Debug */ = {
			isa = XCBuildConfiguration;
			buildSettings = {
				ALWAYS_EMBED_SWIFT_STANDARD_LIBRARIES = YES;
				CODE_SIGN_STYLE = Automatic;
				CURRENT_PROJECT_VERSION = 1;
				GENERATE_INFOPLIST_FILE = YES;
				MARKETING_VERSION = 1.0;
				PRODUCT_BUNDLE_IDENTIFIER = com.kakutagawa.TODOandNEWS2UITests;
				PRODUCT_NAME = "$(TARGET_NAME)";
				SWIFT_EMIT_LOC_STRINGS = NO;
				SWIFT_VERSION = 5.0;
				TARGETED_DEVICE_FAMILY = "1,2";
				TEST_TARGET_NAME = TODOandNEWS2;
			};
			name = Debug;
		};
		1DD0D2C42B6545730008DE7F /* Release */ = {
			isa = XCBuildConfiguration;
			buildSettings = {
				ALWAYS_EMBED_SWIFT_STANDARD_LIBRARIES = YES;
				CODE_SIGN_STYLE = Automatic;
				CURRENT_PROJECT_VERSION = 1;
				GENERATE_INFOPLIST_FILE = YES;
				MARKETING_VERSION = 1.0;
				PRODUCT_BUNDLE_IDENTIFIER = com.kakutagawa.TODOandNEWS2UITests;
				PRODUCT_NAME = "$(TARGET_NAME)";
				SWIFT_EMIT_LOC_STRINGS = NO;
				SWIFT_VERSION = 5.0;
				TARGETED_DEVICE_FAMILY = "1,2";
				TEST_TARGET_NAME = TODOandNEWS2;
			};
			name = Release;
		};
/* End XCBuildConfiguration section */

/* Begin XCConfigurationList section */
		1DD0D2932B6545710008DE7F /* Build configuration list for PBXProject "TODOandNEWS2" */ = {
			isa = XCConfigurationList;
			buildConfigurations = (
				1DD0D2BA2B6545730008DE7F /* Debug */,
				1DD0D2BB2B6545730008DE7F /* Release */,
			);
			defaultConfigurationIsVisible = 0;
			defaultConfigurationName = Release;
		};
		1DD0D2BC2B6545730008DE7F /* Build configuration list for PBXNativeTarget "TODOandNEWS2" */ = {
			isa = XCConfigurationList;
			buildConfigurations = (
				1DD0D2BD2B6545730008DE7F /* Debug */,
				1DD0D2BE2B6545730008DE7F /* Release */,
			);
			defaultConfigurationIsVisible = 0;
			defaultConfigurationName = Release;
		};
		1DD0D2BF2B6545730008DE7F /* Build configuration list for PBXNativeTarget "TODOandNEWS2Tests" */ = {
			isa = XCConfigurationList;
			buildConfigurations = (
				1DD0D2C02B6545730008DE7F /* Debug */,
				1DD0D2C12B6545730008DE7F /* Release */,
			);
			defaultConfigurationIsVisible = 0;
			defaultConfigurationName = Release;
		};
		1DD0D2C22B6545730008DE7F /* Build configuration list for PBXNativeTarget "TODOandNEWS2UITests" */ = {
			isa = XCConfigurationList;
			buildConfigurations = (
				1DD0D2C32B6545730008DE7F /* Debug */,
				1DD0D2C42B6545730008DE7F /* Release */,
			);
			defaultConfigurationIsVisible = 0;
			defaultConfigurationName = Release;
		};
/* End XCConfigurationList section */
	};
	rootObject = 1DD0D2902B6545710008DE7F /* Project object */;
}
